
Microsoft Visual Studio Solution File, Format Version 12.00
# Visual Studio Version 17
VisualStudioVersion = 17.5.33530.505
MinimumVisualStudioVersion = 10.0.40219.1
Project("{FAE04EC0-301F-11D3-BF4B-00C04F79EFBC}") = "Mvc_Stock_Project", "Mvc_Stock_Project\Mvc_Stock_Project.csproj", "{C5C6F203-9E8C-4204-9A3F-114F89F378BE}"
EndProject
Global
	GlobalSection(SolutionConfigurationPlatforms) = preSolution
		Debug|Any CPU = Debug|Any CPU
		Release|Any CPU = Release|Any CPU
	EndGlobalSection
	GlobalSection(ProjectConfigurationPlatforms) = postSolution
		{C5C6F203-9E8C-4204-9A3F-114F89F378BE}.Debug|Any CPU.ActiveCfg = Debug|Any CPU
		{C5C6F203-9E8C-4204-9A3F-114F89F378BE}.Debug|Any CPU.Build.0 = Debug|Any CPU
		{C5C6F203-9E8C-4204-9A3F-114F89F378BE}.Release|Any CPU.ActiveCfg = Release|Any CPU
		{C5C6F203-9E8C-4204-9A3F-114F89F378BE}.Release|Any CPU.Build.0 = Release|Any CPU
	EndGlobalSection
	GlobalSection(SolutionProperties) = preSolution
		HideSolutionNode = FALSE
	EndGlobalSection
	GlobalSection(ExtensibilityGlobals) = postSolution
		SolutionGuid = {1679450D-FDFA-41A4-8B46-4DDAA289D36C}
	EndGlobalSection
EndGlobal
